Microsoft Visual Studio Solution File, Format Version 11.00
# Visual Studio 2008

Project("{AEE9C7CF-2AE7-FB42-47FF-E984F3292007}") = "DoomRun", "Assembly-CSharp.csproj", "{BA46EBED-9771-56C4-249D-710FA12FF2AB}"
EndProject
Global
	GlobalSection(SolutionConfigurationPlatforms) = preSolution
		Debug|Any CPU = Debug|Any CPU
		Release|Any CPU = Release|Any CPU
	EndGlobalSection
	GlobalSection(ProjectConfigurationPlatforms) = postSolution
		{BA46EBED-9771-56C4-249D-710FA12FF2AB}.Debug|Any CPU.ActiveCfg = Debug|Any CPU
		{BA46EBED-9771-56C4-249D-710FA12FF2AB}.Debug|Any CPU.Build.0 = Debug|Any CPU
		{BA46EBED-9771-56C4-249D-710FA12FF2AB}.Release|Any CPU.ActiveCfg = Release|Any CPU
		{BA46EBED-9771-56C4-249D-710FA12FF2AB}.Release|Any CPU.Build.0 = Release|Any CPU
	EndGlobalSection
	GlobalSection(SolutionProperties) = preSolution
		HideSolutionNode = FALSE
	EndGlobalSection
	GlobalSection(MonoDevelopProperties) = preSolution
		StartupItem = Assembly-CSharp.csproj
	EndGlobalSection
EndGlobal
